{
  "name": "@kinde-oss/kinde-typescript-sdk",
  "version": "3.0.7",
  "lockfileVersion": 2,
  "requires": true,
  "packages": {
    "": {
      "name": "@kinde-oss/kinde-typescript-sdk",
      "version": "3.0.7",
      "license": "MIT",
      "dependencies": {
        "@badgateway/oauth2-client": "^2.2.0"
      },
      "devDependencies": {
        "@types/node": "^20.1.0"
      }
    },
    "node_modules/@badgateway/oauth2-client": {
      "version": "2.2.0",
      "resolved": "https://registry.npmjs.org/@badgateway/oauth2-client/-/oauth2-client-2.2.0.tgz",
      "integrity": "sha512-P8roB2b800UOW9Lny8tzhhi/ZUH7rYcS+O+GOdeJT6waPRjU1JQLPfybCR9Rr58INQbbTXExtZbQqovZCAGP2g==",
      "engines": {
        "node": ">= 14"
      }
    },
    "node_modules/@types/node": {
      "version": "20.1.0",
      "resolved": "https://registry.npmjs.org/@types/node/-/node-20.1.0.tgz",
      "integrity": "sha512-O+z53uwx64xY7D6roOi4+jApDGFg0qn6WHcxe5QeqjMaTezBO/mxdfFXIVAVVyNWKx84OmPB3L8kbVYOTeN34A==",
      "dev": true
    }
  },
  "dependencies": {
    "@badgateway/oauth2-client": {
      "version": "2.2.0",
      "resolved": "https://registry.npmjs.org/@badgateway/oauth2-client/-/oauth2-client-2.2.0.tgz",
      "integrity": "sha512-P8roB2b800UOW9Lny8tzhhi/ZUH7rYcS+O+GOdeJT6waPRjU1JQLPfybCR9Rr58INQbbTXExtZbQqovZCAGP2g=="
    },
    "@types/node": {
      "version": "20.1.0",
      "resolved": "https://registry.npmjs.org/@types/node/-/node-20.1.0.tgz",
      "integrity": "sha512-O+z53uwx64xY7D6roOi4+jApDGFg0qn6WHcxe5QeqjMaTezBO/mxdfFXIVAVVyNWKx84OmPB3L8kbVYOTeN34A==",
      "dev": true
    }
  }
}
